
Microsoft Visual Studio Solution File, Format Version 12.00
# Visual Studio Version 16
VisualStudioVersion = 16.0.28803.202
MinimumVisualStudioVersion = 10.0.40219.1
Project("{FAE04EC0-301F-11D3-BF4B-00C04F79EFBC}") = "SoundDiscord", "SoundDiscord\SoundDiscord.csproj", "{2731FF16-FB07-4070-B3E6-C63C91A99E99}"
EndProject
Global
	GlobalSection(SolutionConfigurationPlatforms) = preSolution
		Debug|Any CPU = Debug|Any CPU
		Release|Any CPU = Release|Any CPU
	EndGlobalSection
	GlobalSection(ProjectConfigurationPlatforms) = postSolution
		{2731FF16-FB07-4070-B3E6-C63C91A99E99}.Debug|Any CPU.ActiveCfg = Debug|Any CPU
		{2731FF16-FB07-4070-B3E6-C63C91A99E99}.Debug|Any CPU.Build.0 = Debug|Any CPU
		{2731FF16-FB07-4070-B3E6-C63C91A99E99}.Release|Any CPU.ActiveCfg = Release|Any CPU
		{2731FF16-FB07-4070-B3E6-C63C91A99E99}.Release|Any CPU.Build.0 = Release|Any CPU
	EndGlobalSection
	GlobalSection(SolutionProperties) = preSolution
		HideSolutionNode = FALSE
	EndGlobalSection
	GlobalSection(ExtensibilityGlobals) = postSolution
		SolutionGuid = {C3636D27-7075-445E-9249-212BAB710C13}
	EndGlobalSection
EndGlobal
